PackratFormat: 1.4
PackratVersion: 0.5.0
RVersion: 3.5.3
Repos: CRAN=https://mran.microsoft.com/snapshot/2019-04-07,
    BioCsoft=https://bioconductor.org/packages/3.8/bioc,
    BioCann=https://bioconductor.org/packages/3.8/data/annotation,
    BioCexp=https://bioconductor.org/packages/3.8/data/experiment,
    BioCworkflows=https://bioconductor.org/packages/3.8/workflows,
    CRAN=https://cran.rstudio.com

Package: ALL
Source: Bioconductor
Version: 1.24.0
Hash: a4a3130ee8f8667cb594ea62a2d23d97
Requires: Biobase

Package: BH
Source: CRAN
Version: 1.69.0-1
Hash: 15f597ed227897f4f793b6161260f4b9

Package: Biobase
Source: Bioconductor
Version: 2.42.0
Hash: f1adc715c4e2091169ac98f2998a1d79
Requires: BiocGenerics

Package: BiocGenerics
Source: Bioconductor
Version: 0.28.0
Hash: adb2b2b75a0043b9a2098354e9acb5fe

Package: ConsensusClusterPlus
Source: Bioconductor
Version: 1.46.0
Hash: 9a3ac05478116ee4e1f9b2f8d6c36ecb
Requires: ALL, Biobase

Package: DEoptimR
Source: CRAN
Version: 1.0-8
Hash: adc74e88e85eabe6c7d73db6a86fe6cf

Package: FlowSOM
Source: Bioconductor
Version: 1.14.1
Hash: d6c27fb46f344a89e42658c12c81f773
Requires: BiocGenerics, ConsensusClusterPlus, XML, flowCore, flowUtils,
    igraph, tsne

Package: R6
Source: CRAN
Version: 2.4.0
Hash: 948a547c484e5bea15eee76cc53cce3f

Package: RUnit
Source: CRAN
Version: 0.4.32
Hash: 7dd10abc3e32399b6398fc956ce43ad4

Package: Rcpp
Source: CRAN
Version: 1.0.1
Hash: 390ed5b5da840cec3e6f5c90c6ab23f7

Package: XML
Source: CRAN
Version: 3.98-1.19
Hash: fa59d3f8d633b7d7a4ba6180773a3118

Package: assertthat
Source: CRAN
Version: 0.2.1
Hash: 622be49032fe50bd42e96aaef613e209

Package: cli
Source: CRAN
Version: 1.1.0
Hash: bc4e54014c2049f2605ad0c3ba0cce6b
Requires: assertthat, crayon

Package: corpcor
Source: CRAN
Version: 1.6.9
Hash: f641167f85158bfc7cd4b97ac1c26701

Package: crayon
Source: CRAN
Version: 1.3.4
Hash: ff2840dd9b0d563fc80377a5a45510cd

Package: dplyr
Source: CRAN
Version: 0.8.0.1
Hash: 61622995e32970a772e895bec2b4a305
Requires: BH, R6, Rcpp, assertthat, glue, magrittr, pkgconfig, plogr,
    rlang, tibble, tidyselect

Package: fansi
Source: CRAN
Version: 0.4.0
Hash: f147621f72b561485bfffcae78c4f5d5

Package: flowCore
Source: Bioconductor
Version: 1.48.1
Hash: d833e32f30a325bfa93af93fbbfa5373
Requires: BH, Biobase, BiocGenerics, Rcpp, corpcor, graph, matrixStats,
    rrcov

Package: flowUtils
Source: Bioconductor
Version: 1.46.1
Hash: d5b9ab11ed7f0ae5580270c71aca6d93
Requires: Biobase, RUnit, XML, corpcor, flowCore, graph

Package: glue
Source: CRAN
Version: 1.3.1
Hash: 660bbbe3803c7cf7c9489a7d99a9c0ed

Package: graph
Source: Bioconductor
Version: 1.60.0
Hash: 0d5f3295e210707a11441c5b29548461
Requires: BiocGenerics

Package: igraph
Source: CRAN
Version: 1.2.4
Hash: cfd61842ae5c3055c7b56731f6c9cfac
Requires: magrittr, pkgconfig

Package: magrittr
Source: CRAN
Version: 1.5
Hash: bdc4d48c3135e8f3b399536ddf160df4

Package: matrixStats
Source: CRAN
Version: 0.55.0
Hash: 8d3c061bc15125a730ea292449c5e0aa

Package: mtercen
Source: github
Version: 1.0.6
Hash: 00170b02542a5ce6c52a9344e3620afb
GithubRepo: mtercen
GithubUsername: tercen
GithubRef: 1.0.6
GithubSha1: a31ea3cd5cf902ed392e7d10aa07cabf2e952723
RemoteHost: api.github.com
RemoteRepo: mtercen
RemoteUsername: tercen
RemoteRef: 1.0.6
RemoteSha: a31ea3cd5cf902ed392e7d10aa07cabf2e952723

Package: mvtnorm
Source: CRAN
Version: 1.0-11
Hash: 9b5d395774a35e6e81213a11639a0500

Package: packrat
Source: CRAN
Version: 0.5.0
Hash: 498643e765d1442ba7b1160a1df3abf9

Package: pcaPP
Source: CRAN
Version: 1.9-73
Hash: 1b0887187cbe45f9997e70502af52ac5
Requires: mvtnorm

Package: pillar
Source: CRAN
Version: 1.3.1
Hash: 9ed4c2a5d3047bfba3e852ad5e806d91
Requires: cli, crayon, fansi, rlang, utf8

Package: pkgconfig
Source: CRAN
Version: 2.0.2
Hash: b0fd6ed908e150b77e5f00c6478bd58c

Package: plogr
Source: CRAN
Version: 0.2.0
Hash: 81a8008a5e7858552503935f1abe48aa

Package: plyr
Source: CRAN
Version: 1.8.4
Hash: 0ff259c7e21ac20a124869520e209d9f
Requires: Rcpp

Package: purrr
Source: CRAN
Version: 0.3.2
Hash: d7bb7f62bb3af2d6510f50cb7190a060
Requires: magrittr, rlang

Package: reshape2
Source: CRAN
Version: 1.4.3
Hash: 1331df4206d0207838eff5d4324f5919
Requires: Rcpp, plyr, stringr

Package: rlang
Source: CRAN
Version: 0.3.3
Hash: 4dbc6ee05f1a6802b24608d8d38f6496

Package: robustbase
Source: CRAN
Version: 0.93-5
Hash: 7b6672bf2b47c35d02a5b273393e49f5
Requires: DEoptimR

Package: rrcov
Source: CRAN
Version: 1.4-7
Hash: a14403e4b914187db22e2575882ba9ba
Requires: mvtnorm, pcaPP, robustbase

Package: stringi
Source: CRAN
Version: 1.4.3
Hash: ed2a82fc7cc668c1345223d938cdfaf2

Package: stringr
Source: CRAN
Version: 1.4.0
Hash: 67da32dbb2a7a16f2ef124336358e54a
Requires: glue, magrittr, stringi

Package: teRcenHttp
Source: github
Version: 1.0.10
Hash: 00736fe63489728ddf05f3082b23d894
GithubRepo: teRcenHttp
GithubUsername: tercen
GithubRef: 1.0.10
GithubSha1: 1da1be1dd817374278bf79db44c9ae2abfae820c
RemoteHost: api.github.com
RemoteRepo: teRcenHttp
RemoteUsername: tercen
RemoteRef: 1.0.10
RemoteSha: 1da1be1dd817374278bf79db44c9ae2abfae820c

Package: tercen
Source: github
Version: 0.9.1
Hash: 1370cc7f34f3b8d13c8683431f29790c
Requires: R6, dplyr, mtercen, teRcenHttp, tibble, yaml
GithubRepo: teRcen
GithubUsername: tercen
GithubRef: 0.9.1
GithubSha1: ebf13d282a5fa8641be0524344770477e97056fb
RemoteHost: api.github.com
RemoteRepo: teRcen
RemoteUsername: tercen
RemoteRef: 0.9.1
RemoteSha: ebf13d282a5fa8641be0524344770477e97056fb

Package: tibble
Source: CRAN
Version: 2.1.1
Hash: e9d844f966bd4d40556b50c3b2239646
Requires: cli, crayon, fansi, pillar, pkgconfig, rlang

Package: tidyselect
Source: CRAN
Version: 0.2.5
Hash: ce32c88efe672d565819caa17238b04c
Requires: Rcpp, glue, purrr, rlang

Package: tsne
Source: CRAN
Version: 0.1-3
Hash: 7f621c1562d9f186946f74488ae9884f

Package: utf8
Source: CRAN
Version: 1.1.4
Hash: f3f97ce59092abc8ed3fd098a59e236c

Package: yaml
Source: CRAN
Version: 2.2.0
Hash: a5ad5616d83d89f8d84cbf3cf4034e13
